
Microsoft Visual Studio Solution File, Format Version 12.00
# Visual Studio Version 17
VisualStudioVersion = 17.6.33723.286
MinimumVisualStudioVersion = 10.0.40219.1
Project("{2150E333-8FDC-42A3-9474-1A3956D46DE8}") = "GUIExample", "GUIExample", "{401148D6-A6E2-4099-B9BB-7360D6E346E3}"
EndProject
Project("{9A19103F-16F7-4668-BE54-9A1E7A4F7556}") = "GUIExample", "GUIExample\GUIExample.csproj", "{8F12FC4F-C5C0-47EE-9CF3-FBD2F8E317B0}"
EndProject
Global
	GlobalSection(SolutionConfigurationPlatforms) = preSolution
		Debug|Any CPU = Debug|Any CPU
		Release|Any CPU = Release|Any CPU
	EndGlobalSection
	GlobalSection(ProjectConfigurationPlatforms) = postSolution
		{8F12FC4F-C5C0-47EE-9CF3-FBD2F8E317B0}.Debug|Any CPU.ActiveCfg = Debug|Any CPU
		{8F12FC4F-C5C0-47EE-9CF3-FBD2F8E317B0}.Debug|Any CPU.Build.0 = Debug|Any CPU
		{8F12FC4F-C5C0-47EE-9CF3-FBD2F8E317B0}.Release|Any CPU.ActiveCfg = Release|Any CPU
		{8F12FC4F-C5C0-47EE-9CF3-FBD2F8E317B0}.Release|Any CPU.Build.0 = Release|Any CPU
	EndGlobalSection
	GlobalSection(SolutionProperties) = preSolution
		HideSolutionNode = FALSE
	EndGlobalSection
	GlobalSection(NestedProjects) = preSolution
		{8F12FC4F-C5C0-47EE-9CF3-FBD2F8E317B0} = {401148D6-A6E2-4099-B9BB-7360D6E346E3}
	EndGlobalSection
	GlobalSection(ExtensibilityGlobals) = postSolution
		SolutionGuid = {34008EE4-8563-4F92-9B97-FEAE5B64C98B}
	EndGlobalSection
EndGlobal
